// !$*UTF8*$!
{
	archiveVersion = 1;
	classes = {
	};
	objectVersion = 48;
	objects = {

/* Begin PBXBuildFile section */
		94BB20CD2043FAC200CC499B /* AppDelegate.m in Sources */ = {isa = PBXBuildFile; fileRef = 94BB20CC2043FAC200CC499B /* AppDelegate.m */; };
		94BB20D02043FAC300CC499B /* ViewController.m in Sources */ = {isa = PBXBuildFile; fileRef = 94BB20CF2043FAC300CC499B /* ViewController.m */; };
		94BB20D32043FAC300CC499B /* Main.storyboard in Resources */ = {isa = PBXBuildFile; fileRef = 94BB20D12043FAC300CC499B /* Main.storyboard */; };
		94BB20D52043FAC300CC499B /* Assets.xcassets in Resources */ = {isa = PBXBuildFile; fileRef = 94BB20D42043FAC300CC499B /* Assets.xcassets */; };
		94BB20D82043FAC300CC499B /* LaunchScreen.storyboard in Resources */ = {isa = PBXBuildFile; fileRef = 94BB20D62043FAC300CC499B /* LaunchScreen.storyboard */; };
		94BB20DB2043FAC300CC499B /* main.m in Sources */ = {isa = PBXBuildFile; fileRef = 94BB20DA2043FAC300CC499B /* main.m */; };
		94BB20E42043FAF800CC499B /* ZRFileManager.m in Sources */ = {isa = PBXBuildFile; fileRef = 94BB20E22043FAF800CC499B /* ZRFileManager.m */; };
/* End PBXBuildFile section */

/* Begin PBXFileReference section */
		94BB20C82043FAC200CC499B /* FileDemo.app */ = {isa = PBXFileReference; explicitFileType = wrapper.application; includeInIndex = 0; path = FileDemo.app; sourceTree = BUILT_PRODUCTS_DIR; };
		94BB20CB2043FAC200CC499B /* AppDelegate.h */ = {isa = PBXFileReference; lastKnownFileType = sourcecode.c.h; path = AppDelegate.h; sourceTree = "<group>"; };
		94BB20CC2043FAC200CC499B /* AppDelegate.m */ = {isa = PBXFileReference; lastKnownFileType = sourcecode.c.objc; path = AppDelegate.m; sourceTree = "<group>"; };
		94BB20CE2043FAC200CC499B /* ViewController.h */ = {isa = PBXFileReference; lastKnownFileType = sourcecode.c.h; path = ViewController.h; sourceTree = "<group>"; };
		94BB20CF2043FAC300CC499B /* ViewController.m */ = {isa = PBXFileReference; lastKnownFileType = sourcecode.c.objc; path = ViewController.m; sourceTree = "<group>"; };
		94BB20D22043FAC300CC499B /* Base */ = {isa = PBXFileReference; lastKnownFileType = file.storyboard; name = Base; path = Base.lproj/Main.storyboard; sourceTree = "<group>"; };
		94BB20D42043FAC300CC499B /* Assets.xcassets */ = {isa = PBXFileReference; lastKnownFileType = folder.assetcatalog; path = Assets.xcassets; sourceTree = "<group>"; };
		94BB20D72043FAC300CC499B /* Base */ = {isa = PBXFileReference; lastKnownFileType = file.storyboard; name = Base; path = Base.lproj/LaunchScreen.storyboard; sourceTree = "<group>"; };
		94BB20D92043FAC300CC499B /* Info.plist */ = {isa = PBXFileReference; lastKnownFileType = text.plist.xml; path = Info.plist; sourceTree = "<group>"; };
		94BB20DA2043FAC300CC499B /* main.m */ = {isa = PBXFileReference; lastKnownFileType = sourcecode.c.objc; path = main.m; sourceTree = "<group>"; };
		94BB20E22043FAF800CC499B /* ZRFileManager.m */ = {isa = PBXFileReference; fileEncoding = 4; lastKnownFileType = sourcecode.c.objc; path = ZRFileManager.m; sourceTree = "<group>"; };
		94BB20E32043FAF800CC499B /* ZRFileManager.h */ = {isa = PBXFileReference; fileEncoding = 4; lastKnownFileType = sourcecode.c.h; path = ZRFileManager.h; sourceTree = "<group>"; };
/* End PBXFileReference section */

/* Begin PBXFrameworksBuildPhase section */
		94BB20C52043FAC200CC499B /* Frameworks */ = {
			isa = PBXFrameworksBuildPhase;
			buildActionMask = 2147483647;
			files = (
			);
			runOnlyForDeploymentPostprocessing = 0;
		};
/* End PBXFrameworksBuildPhase section */

/* Begin PBXGroup section */
		94BB20BF2043FAC200CC499B = {
			isa = PBXGroup;
			children = (
				94BB20CA2043FAC200CC499B /* FileDemo */,
				94BB20C92043FAC200CC499B /* Products */,
			);
			sourceTree = "<group>";
		};
		94BB20C92043FAC200CC499B /* Products */ = {
			isa = PBXGroup;
			children = (
				94BB20C82043FAC200CC499B /* FileDemo.app */,
			);
			name = Products;
			sourceTree = "<group>";
		};
		94BB20CA2043FAC200CC499B /* FileDemo */ = {
			isa = PBXGroup;
			children = (
				94BB20E12043FAF800CC499B /* ZRFileManager */,
				94BB20CB2043FAC200CC499B /* AppDelegate.h */,
				94BB20CC2043FAC200CC499B /* AppDelegate.m */,
				94BB20CE2043FAC200CC499B /* ViewController.h */,
				94BB20CF2043FAC300CC499B /* ViewController.m */,
				94BB20D12043FAC300CC499B /* Main.storyboard */,
				94BB20D42043FAC300CC499B /* Assets.xcassets */,
				94BB20D62043FAC300CC499B /* LaunchScreen.storyboard */,
				94BB20D92043FAC300CC499B /* Info.plist */,
				94BB20DA2043FAC300CC499B /* main.m */,
			);
			path = FileDemo;
			sourceTree = "<group>";
		};
		94BB20E12043FAF800CC499B /* ZRFileManager */ = {
			isa = PBXGroup;
			children = (
				94BB20E32043FAF800CC499B /* ZRFileManager.h */,
				94BB20E22043FAF800CC499B /* ZRFileManager.m */,
			);
			path = ZRFileManager;
			sourceTree = SOURCE_ROOT;
		};
/* End PBXGroup section */

/* Begin PBXNativeTarget section */
		94BB20C72043FAC200CC499B /* FileDemo */ = {
			isa = PBXNativeTarget;
			buildConfigurationList = 94BB20DE2043FAC300CC499B /* Build configuration list for PBXNativeTarget "FileDemo" */;
			buildPhases = (
				94BB20C42043FAC200CC499B /* Sources */,
				94BB20C52043FAC200CC499B /* Frameworks */,
				94BB20C62043FAC200CC499B /* Resources */,
			);
			buildRules = (
			);
			dependencies = (
			);
			name = FileDemo;
			productName = FileDemo;
			productReference = 94BB20C82043FAC200CC499B /* FileDemo.app */;
			productType = "com.apple.product-type.application";
		};
/* End PBXNativeTarget section */

/* Begin PBXProject section */
		94BB20C02043FAC200CC499B /* Project object */ = {
			isa = PBXProject;
			attributes = {
				LastUpgradeCheck = 0920;
				ORGANIZATIONNAME = Ryan;
				TargetAttributes = {
					94BB20C72043FAC200CC499B = {
						CreatedOnToolsVersion = 9.2;
						ProvisioningStyle = Automatic;
					};
				};
			};
			buildConfigurationList = 94BB20C32043FAC200CC499B /* Build configuration list for PBXProject "FileDemo" */;
			compatibilityVersion = "Xcode 8.0";
			developmentRegion = en;
			hasScannedForEncodings = 0;
			knownRegions = (
				en,
				Base,
			);
			mainGroup = 94BB20BF2043FAC200CC499B;
			productRefGroup = 94BB20C92043FAC200CC499B /* Products */;
			projectDirPath = "";
			projectRoot = "";
			targets = (
				94BB20C72043FAC200CC499B /* FileDemo */,
			);
		};
/* End PBXProject section */

/* Begin PBXResourcesBuildPhase section */
		94BB20C62043FAC200CC499B /* Resources */ = {
			isa = PBXResourcesBuildPhase;
			buildActionMask = 2147483647;
			files = (
				94BB20D82043FAC300CC499B /* LaunchScreen.storyboard in Resources */,
				94BB20D52043FAC300CC499B /* Assets.xcassets in Resources */,
				94BB20D32043FAC300CC499B /* Main.storyboard in Resources */,
			);
			runOnlyForDeploymentPostprocessing = 0;
		};
/* End PBXResourcesBuildPhase section */

/* Begin PBXSourcesBuildPhase section */
		94BB20C42043FAC200CC499B /* Sources */ = {
			isa = PBXSourcesBuildPhase;
			buildActionMask = 2147483647;
			files = (
				94BB20D02043FAC300CC499B /* ViewController.m in Sources */,
				94BB20E42043FAF800CC499B /* ZRFileManager.m in Sources */,
				94BB20DB2043FAC300CC499B /* main.m in Sources */,
				94BB20CD2043FAC200CC499B /* AppDelegate.m in Sources */,
			);
			runOnlyForDeploymentPostprocessing = 0;
		};
/* End PBXSourcesBuildPhase section */

/* Begin PBXVariantGroup section */
		94BB20D12043FAC300CC499B /* Main.storyboard */ = {
			isa = PBXVariantGroup;
			children = (
				94BB20D22043FAC300CC499B /* Base */,
			);
			name = Main.storyboard;
			sourceTree = "<group>";
		};
		94BB20D62043FAC300CC499B /* LaunchScreen.storyboard */ = {
			isa = PBXVariantGroup;
			children = (
				94BB20D72043FAC300CC499B /* Base */,
			);
			name = LaunchScreen.storyboard;
			sourceTree = "<group>";
		};
/* End PBXVariantGroup section */

/* Begin XCBuildConfiguration section */
		94BB20DC2043FAC300CC499B /* Debug */ = {
			isa = XCBuildConfiguration;
			buildSettings = {
				ALWAYS_SEARCH_USER_PATHS = NO;
				CLANG_ANALYZER_NONNULL = YES;
				CLANG_ANALYZER_NUMBER_OBJECT_CONVERSION = YES_AGGRESSIVE;
				CLANG_CXX_LANGUAGE_STANDARD = "gnu++14";
				CLANG_CXX_LIBRARY = "libc++";
				CLANG_ENABLE_MODULES = YES;
				CLANG_ENABLE_OBJC_ARC = YES;
				CLANG_WARN_BLOCK_CAPTURE_AUTORELEASING = YES;
				CLANG_WARN_BOOL_CONVERSION = YES;
				CLANG_WARN_COMMA = YES;
				CLANG_WARN_CONSTANT_CONVERSION = YES;
				CLANG_WARN_DIRECT_OBJC_ISA_USAGE = YES_ERROR;
				CLANG_WARN_DOCUMENTATION_COMMENTS = YES;
				CLANG_WARN_EMPTY_BODY = YES;
				CLANG_WARN_ENUM_CONVERSION = YES;
				CLANG_WARN_INFINITE_RECURSION = YES;
				CLANG_WARN_INT_CONVERSION = YES;
				CLANG_WARN_NON_LITERAL_NULL_CONVERSION = YES;
				CLANG_WARN_OBJC_LITERAL_CONVERSION = YES;
				CLANG_WARN_OBJC_ROOT_CLASS = YES_ERROR;
				CLANG_WARN_RANGE_LOOP_ANALYSIS = YES;
				CLANG_WARN_STRICT_PROTOTYPES = YES;
				CLANG_WARN_SUSPICIOUS_MOVE = YES;
				CLANG_WARN_UNGUARDED_AVAILABILITY = YES_AGGRESSIVE;
				CLANG_WARN_UNREACHABLE_CODE = YES;
				CLANG_WARN__DUPLICATE_METHOD_MATCH = YES;
				CODE_SIGN_IDENTITY = "iPhone Developer";
				COPY_PHASE_STRIP = NO;
				DEBUG_INFORMATION_FORMAT = dwarf;
				ENABLE_STRICT_OBJC_MSGSEND = YES;
				ENABLE_TESTABILITY = YES;
				GCC_C_LANGUAGE_STANDARD = gnu11;
				GCC_DYNAMIC_NO_PIC = NO;
				GCC_NO_COMMON_BLOCKS = YES;
				GCC_OPTIMIZATION_LEVEL = 0;
				GCC_PREPROCESSOR_DEFINITIONS = (
					"DEBUG=1",
					"$(inherited)",
				);
				GCC_WARN_64_TO_32_BIT_CONVERSION = YES;
				GCC_WARN_ABOUT_RETURN_TYPE = YES_ERROR;
				GCC_WARN_UNDECLARED_SELECTOR = YES;
				GCC_WARN_UNINITIALIZED_AUTOS = YES_AGGRESSIVE;
				GCC_WARN_UNUSED_FUNCTION = YES;
				GCC_WARN_UNUSED_VARIABLE = YES;
				IPHONEOS_DEPLOYMENT_TARGET = 11.2;
				MTL_ENABLE_DEBUG_INFO = YES;
				ONLY_ACTIVE_ARCH = YES;
				SDKROOT = iphoneos;
			};
			name = Debug;
		};
		94BB20DD2043FAC300CC499B /* Release */ = {
			isa = XCBuildConfiguration;
			buildSettings = {
				ALWAYS_SEARCH_USER_PATHS = NO;
				CLANG_ANALYZER_NONNULL = YES;
				CLANG_ANALYZER_NUMBER_OBJECT_CONVERSION = YES_AGGRESSIVE;
				CLANG_CXX_LANGUAGE_STANDARD = "gnu++14";
				CLANG_CXX_LIBRARY = "libc++";
				CLANG_ENABLE_MODULES = YES;
				CLANG_ENABLE_OBJC_ARC = YES;
				CLANG_WARN_BLOCK_CAPTURE_AUTORELEASING = YES;
				CLANG_WARN_BOOL_CONVERSION = YES;
				CLANG_WARN_COMMA = YES;
				CLANG_WARN_CONSTANT_CONVERSION = YES;
				CLANG_WARN_DIRECT_OBJC_ISA_USAGE = YES_ERROR;
				CLANG_WARN_DOCUMENTATION_COMMENTS = YES;
				CLANG_WARN_EMPTY_BODY = YES;
				CLANG_WARN_ENUM_CONVERSION = YES;
				CLANG_WARN_INFINITE_RECURSION = YES;
				CLANG_WARN_INT_CONVERSION = YES;
				CLANG_WARN_NON_LITERAL_NULL_CONVERSION = YES;
				CLANG_WARN_OBJC_LITERAL_CONVERSION = YES;
				CLANG_WARN_OBJC_ROOT_CLASS = YES_ERROR;
				CLANG_WARN_RANGE_LOOP_ANALYSIS = YES;
				CLANG_WARN_STRICT_PROTOTYPES = YES;
				CLANG_WARN_SUSPICIOUS_MOVE = YES;
				CLANG_WARN_UNGUARDED_AVAILABILITY = YES_AGGRESSIVE;
				CLANG_WARN_UNREACHABLE_CODE = YES;
				CLANG_WARN__DUPLICATE_METHOD_MATCH = YES;
				CODE_SIGN_IDENTITY = "iPhone Developer";
				COPY_PHASE_STRIP = NO;
				DEBUG_INFORMATION_FORMAT = "dwarf-with-dsym";
				ENABLE_NS_ASSERTIONS = NO;
				ENABLE_STRICT_OBJC_MSGSEND = YES;
				GCC_C_LANGUAGE_STANDARD = gnu11;
				GCC_NO_COMMON_BLOCKS = YES;
				GCC_WARN_64_TO_32_BIT_CONVERSION = YES;
				GCC_WARN_ABOUT_RETURN_TYPE = YES_ERROR;
				GCC_WARN_UNDECLARED_SELECTOR = YES;
				GCC_WARN_UNINITIALIZED_AUTOS = YES_AGGRESSIVE;
				GCC_WARN_UNUSED_FUNCTION = YES;
				GCC_WARN_UNUSED_VARIABLE = YES;
				IPHONEOS_DEPLOYMENT_TARGET = 11.2;
				MTL_ENABLE_DEBUG_INFO = NO;
				SDKROOT = iphoneos;
				VALIDATE_PRODUCT = YES;
			};
			name = Release;
		};
		94BB20DF2043FAC300CC499B /* Debug */ = {
			isa = XCBuildConfiguration;
			buildSettings = {
				ASSETCATALOG_COMPILER_APPICON_NAME = AppIcon;
				CODE_SIGN_STYLE = Automatic;
				INFOPLIST_FILE = FileDemo/Info.plist;
				LD_RUNPATH_SEARCH_PATHS = "$(inherited) @executable_path/Frameworks";
				PRODUCT_BUNDLE_IDENTIFIER = com.techfantasy.FileDemo;
				PRODUCT_NAME = "$(TARGET_NAME)";
				TARGETED_DEVICE_FAMILY = "1,2";
			};
			name = Debug;
		};
		94BB20E02043FAC300CC499B /* Release */ = {
			isa = XCBuildConfiguration;
			buildSettings = {
				ASSETCATALOG_COMPILER_APPICON_NAME = AppIcon;
				CODE_SIGN_STYLE = Automatic;
				INFOPLIST_FILE = FileDemo/Info.plist;
				LD_RUNPATH_SEARCH_PATHS = "$(inherited) @executable_path/Frameworks";
				PRODUCT_BUNDLE_IDENTIFIER = com.techfantasy.FileDemo;
				PRODUCT_NAME = "$(TARGET_NAME)";
				TARGETED_DEVICE_FAMILY = "1,2";
			};
			name = Release;
		};
/* End XCBuildConfiguration section */

/* Begin XCConfigurationList section */
		94BB20C32043FAC200CC499B /* Build configuration list for PBXProject "FileDemo" */ = {
			isa = XCConfigurationList;
			buildConfigurations = (
				94BB20DC2043FAC300CC499B /* Debug */,
				94BB20DD2043FAC300CC499B /* Release */,
			);
			defaultConfigurationIsVisible = 0;
			defaultConfigurationName = Release;
		};
		94BB20DE2043FAC300CC499B /* Build configuration list for PBXNativeTarget "FileDemo" */ = {
			isa = XCConfigurationList;
			buildConfigurations = (
				94BB20DF2043FAC300CC499B /* Debug */,
				94BB20E02043FAC300CC499B /* Release */,
			);
			defaultConfigurationIsVisible = 0;
			defaultConfigurationName = Release;
		};
/* End XCConfigurationList section */
	};
	rootObject = 94BB20C02043FAC200CC499B /* Project object */;
}
